
Microsoft Visual Studio Solution File, Format Version 12.00
# Visual Studio 15
VisualStudioVersion = 15.0.28010.2046
MinimumVisualStudioVersion = 10.0.40219.1
Project("{9A19103F-16F7-4668-BE54-9A1E7A4F7556}") = "BackEndAdvOnline", "BackEnd-AdvOnline\BackEndAdvOnline.csproj", "{B42B1674-21AE-4352-82F0-D21E3E7BB470}"
EndProject
Global
	GlobalSection(SolutionConfigurationPlatforms) = preSolution
		Debug|Any CPU = Debug|Any CPU
		Release|Any CPU = Release|Any CPU
	EndGlobalSection
	GlobalSection(ProjectConfigurationPlatforms) = postSolution
		{B42B1674-21AE-4352-82F0-D21E3E7BB470}.Debug|Any CPU.ActiveCfg = Debug|Any CPU
		{B42B1674-21AE-4352-82F0-D21E3E7BB470}.Debug|Any CPU.Build.0 = Debug|Any CPU
		{B42B1674-21AE-4352-82F0-D21E3E7BB470}.Release|Any CPU.ActiveCfg = Release|Any CPU
		{B42B1674-21AE-4352-82F0-D21E3E7BB470}.Release|Any CPU.Build.0 = Release|Any CPU
	EndGlobalSection
	GlobalSection(SolutionProperties) = preSolution
		HideSolutionNode = FALSE
	EndGlobalSection
	GlobalSection(ExtensibilityGlobals) = postSolution
		SolutionGuid = {8B05CE64-E038-4945-BC3D-375D6BAF4F91}
	EndGlobalSection
EndGlobal
